schema: '2.0'
stages:
  data_collection:
    cmd: python src/data/stockdata.py
    deps:
    - path: src/data/stockdata.py
      hash: md5
      md5: 18547ff30504379a943812be1edd8704
      size: 2637
    outs:
    - path: data/raw
      hash: md5
      md5: 4535151abd5736599871d4f6f5f7b056.dir
      size: 29531
      nfiles: 1
  pre_processing:
    cmd: python src/data/pre_processing.py
    deps:
    - path: data/raw
      hash: md5
      md5: 4535151abd5736599871d4f6f5f7b056.dir
      size: 29531
      nfiles: 1
    - path: src/data/pre_processing.py
      hash: md5
      md5: 6d19c37ad2ac86104d49c2a79c621413
      size: 2922
    outs:
    - path: data/processed
      hash: md5
      md5: c441550de842db8938200fa131c4c83f.dir
      size: 41598
      nfiles: 1
  model_building:
    cmd: python src/models/Model.py
    deps:
    - path: data/processed
      hash: md5
      md5: c441550de842db8938200fa131c4c83f.dir
      size: 41598
      nfiles: 1
    - path: src/models/Model.py
      hash: md5
      md5: 9ed17d678e227e372d611c3143a6a426
      size: 5756
    outs:
    - path: models/model.pkl
      hash: md5
      md5: 6a94bd6eecdabd6e4ddb80bce17b9203
      size: 205020
  model_registration:
    cmd: python src/models/model_reg.py
    deps:
    - path: models/model.pkl
      hash: md5
      md5: 6a94bd6eecdabd6e4ddb80bce17b9203
      size: 205020
    - path: models/model_metadata.json
      hash: md5
      md5: 29c72424aac7b8bb3a68a5b55c3e873d
      size: 73
    - path: src/models/model_reg.py
      hash: md5
      md5: 3698c1e072a62fa4e37708614b38de91
      size: 1642
